// !$*UTF8*$!
{
	archiveVersion = 1;
	classes = {
	};
	objectVersion = 50;
	objects = {

/* Begin PBXBuildFile section */
		1E8717DF2190D09F00569DA6 /* PictureViewCell.swift in Sources */ = {isa = PBXBuildFile; fileRef = 1E8717DD2190D09F00569DA6 /* PictureViewCell.swift */; };
		1E8717E02190D09F00569DA6 /* PictureViewCell.xib in Resources */ = {isa = PBXBuildFile; fileRef = 1E8717DE2190D09F00569DA6 /* PictureViewCell.xib */; };
		1E8717E221925EC700569DA6 /* PictureObject.swift in Sources */ = {isa = PBXBuildFile; fileRef = 1E8717E121925EC700569DA6 /* PictureObject.swift */; };
		1EC8357721894F1900D97595 /* AppDelegate.swift in Sources */ = {isa = PBXBuildFile; fileRef = 1EC8357621894F1900D97595 /* AppDelegate.swift */; };
		1EC8357921894F1900D97595 /* ViewController.swift in Sources */ = {isa = PBXBuildFile; fileRef = 1EC8357821894F1900D97595 /* ViewController.swift */; };
		1EC8357C21894F1900D97595 /* Main.storyboard in Resources */ = {isa = PBXBuildFile; fileRef = 1EC8357A21894F1900D97595 /* Main.storyboard */; };
		1EC8357E21894F1C00D97595 /* Assets.xcassets in Resources */ = {isa = PBXBuildFile; fileRef = 1EC8357D21894F1C00D97595 /* Assets.xcassets */; };
		1EC8358121894F1C00D97595 /* LaunchScreen.storyboard in Resources */ = {isa = PBXBuildFile; fileRef = 1EC8357F21894F1C00D97595 /* LaunchScreen.storyboard */; };
		1EC83589218B8B7C00D97595 /* LoginViewController.swift in Sources */ = {isa = PBXBuildFile; fileRef = 1EC83588218B8B7C00D97595 /* LoginViewController.swift */; };
		1EC8358B218B8B9300D97595 /* NewAccountViewController.swift in Sources */ = {isa = PBXBuildFile; fileRef = 1EC8358A218B8B9300D97595 /* NewAccountViewController.swift */; };
		1EC8358F218B8C8C00D97595 /* SearchViewController.swift in Sources */ = {isa = PBXBuildFile; fileRef = 1EC8358E218B8C8C00D97595 /* SearchViewController.swift */; };
		1EC83591218B8C9900D97595 /* BoardsViewController.swift in Sources */ = {isa = PBXBuildFile; fileRef = 1EC83590218B8C9900D97595 /* BoardsViewController.swift */; };
		1EC83593218B8CBD00D97595 /* SelectedBoardViewController.swift in Sources */ = {isa = PBXBuildFile; fileRef = 1EC83592218B8CBD00D97595 /* SelectedBoardViewController.swift */; };
		1EC83595218BF57900D97595 /* GoogleService-Info.plist in Resources */ = {isa = PBXBuildFile; fileRef = 1EC83594218BF57800D97595 /* GoogleService-Info.plist */; };
		A28332C86C718D1E3ED02F21 /* Pods_MoodGrid.framework in Frameworks */ = {isa = PBXBuildFile; fileRef = 51F0BE949B1899DD16DB3DB7 /* Pods_MoodGrid.framework */; };
/* End PBXBuildFile section */

/* Begin PBXFileReference section */
		1E8717DD2190D09F00569DA6 /* PictureViewCell.swift */ = {isa = PBXFileReference; lastKnownFileType = sourcecode.swift; path = PictureViewCell.swift; sourceTree = "<group>"; };
		1E8717DE2190D09F00569DA6 /* PictureViewCell.xib */ = {isa = PBXFileReference; lastKnownFileType = file.xib; path = PictureViewCell.xib; sourceTree = "<group>"; };
		1E8717E121925EC700569DA6 /* PictureObject.swift */ = {isa = PBXFileReference; lastKnownFileType = sourcecode.swift; path = PictureObject.swift; sourceTree = "<group>"; };
		1EC8357321894F1900D97595 /* MoodGrid.app */ = {isa = PBXFileReference; explicitFileType = wrapper.application; includeInIndex = 0; path = MoodGrid.app; sourceTree = BUILT_PRODUCTS_DIR; };
		1EC8357621894F1900D97595 /* AppDelegate.swift */ = {isa = PBXFileReference; lastKnownFileType = sourcecode.swift; path = AppDelegate.swift; sourceTree = "<group>"; };
		1EC8357821894F1900D97595 /* ViewController.swift */ = {isa = PBXFileReference; lastKnownFileType = sourcecode.swift; path = ViewController.swift; sourceTree = "<group>"; };
		1EC8357B21894F1900D97595 /* Base */ = {isa = PBXFileReference; lastKnownFileType = file.storyboard; name = Base; path = Base.lproj/Main.storyboard; sourceTree = "<group>"; };
		1EC8357D21894F1C00D97595 /* Assets.xcassets */ = {isa = PBXFileReference; lastKnownFileType = folder.assetcatalog; path = Assets.xcassets; sourceTree = "<group>"; };
		1EC8358021894F1C00D97595 /* Base */ = {isa = PBXFileReference; lastKnownFileType = file.storyboard; name = Base; path = Base.lproj/LaunchScreen.storyboard; sourceTree = "<group>"; };
		1EC8358221894F1C00D97595 /* Info.plist */ = {isa = PBXFileReference; lastKnownFileType = text.plist.xml; path = Info.plist; sourceTree = "<group>"; };
		1EC83588218B8B7C00D97595 /* LoginViewController.swift */ = {isa = PBXFileReference; lastKnownFileType = sourcecode.swift; path = LoginViewController.swift; sourceTree = "<group>"; };
		1EC8358A218B8B9300D97595 /* NewAccountViewController.swift */ = {isa = PBXFileReference; lastKnownFileType = sourcecode.swift; path = NewAccountViewController.swift; sourceTree = "<group>"; };
		1EC8358E218B8C8C00D97595 /* SearchViewController.swift */ = {isa = PBXFileReference; lastKnownFileType = sourcecode.swift; path = SearchViewController.swift; sourceTree = "<group>"; };
		1EC83590218B8C9900D97595 /* BoardsViewController.swift */ = {isa = PBXFileReference; lastKnownFileType = sourcecode.swift; path = BoardsViewController.swift; sourceTree = "<group>"; };
		1EC83592218B8CBD00D97595 /* SelectedBoardViewController.swift */ = {isa = PBXFileReference; lastKnownFileType = sourcecode.swift; path = SelectedBoardViewController.swift; sourceTree = "<group>"; };
		1EC83594218BF57800D97595 /* GoogleService-Info.plist */ = {isa = PBXFileReference; fileEncoding = 4; lastKnownFileType = text.plist.xml; path = "GoogleService-Info.plist"; sourceTree = "<group>"; };
		51F0BE949B1899DD16DB3DB7 /* Pods_MoodGrid.framework */ = {isa = PBXFileReference; explicitFileType = wrapper.framework; includeInIndex = 0; path = Pods_MoodGrid.framework; sourceTree = BUILT_PRODUCTS_DIR; };
		77A287F3E351EA6D63E74DE8 /* Pods-MoodGrid.release.xcconfig */ = {isa = PBXFileReference; includeInIndex = 1; lastKnownFileType = text.xcconfig; name = "Pods-MoodGrid.release.xcconfig"; path = "Pods/Target Support Files/Pods-MoodGrid/Pods-MoodGrid.release.xcconfig"; sourceTree = "<group>"; };
		F17EC3E4DFBD35F8E6EC3155 /* Pods-MoodGrid.debug.xcconfig */ = {isa = PBXFileReference; includeInIndex = 1; lastKnownFileType = text.xcconfig; name = "Pods-MoodGrid.debug.xcconfig"; path = "Pods/Target Support Files/Pods-MoodGrid/Pods-MoodGrid.debug.xcconfig"; sourceTree = "<group>"; };
/* End PBXFileReference section */

/* Begin PBXFrameworksBuildPhase section */
		1EC8357021894F1900D97595 /* Frameworks */ = {
			isa = PBXFrameworksBuildPhase;
			buildActionMask = 2147483647;
			files = (
				A28332C86C718D1E3ED02F21 /* Pods_MoodGrid.framework in Frameworks */,
			);
			runOnlyForDeploymentPostprocessing = 0;
		};
/* End PBXFrameworksBuildPhase section */

/* Begin PBXGroup section */
		1EC8356A21894F1900D97595 = {
			isa = PBXGroup;
			children = (
				1EC8357521894F1900D97595 /* MoodGrid */,
				1EC8357421894F1900D97595 /* Products */,
				207CA9FAFC265F4A064C772F /* Pods */,
				F247EBAF72376E6C2CF77D48 /* Frameworks */,
			);
			sourceTree = "<group>";
		};
		1EC8357421894F1900D97595 /* Products */ = {
			isa = PBXGroup;
			children = (
				1EC8357321894F1900D97595 /* MoodGrid.app */,
			);
			name = Products;
			sourceTree = "<group>";
		};
		1EC8357521894F1900D97595 /* MoodGrid */ = {
			isa = PBXGroup;
			children = (
				1EC8357621894F1900D97595 /* AppDelegate.swift */,
				1EC8357A21894F1900D97595 /* Main.storyboard */,
				1EC83588218B8B7C00D97595 /* LoginViewController.swift */,
				1EC8358A218B8B9300D97595 /* NewAccountViewController.swift */,
				1EC8357821894F1900D97595 /* ViewController.swift */,
				1EC8358E218B8C8C00D97595 /* SearchViewController.swift */,
				1EC83590218B8C9900D97595 /* BoardsViewController.swift */,
				1EC83592218B8CBD00D97595 /* SelectedBoardViewController.swift */,
				1EC8357D21894F1C00D97595 /* Assets.xcassets */,
				1E8717E121925EC700569DA6 /* PictureObject.swift */,
				1E8717DD2190D09F00569DA6 /* PictureViewCell.swift */,
				1E8717DE2190D09F00569DA6 /* PictureViewCell.xib */,
				1EC8357F21894F1C00D97595 /* LaunchScreen.storyboard */,
				1EC8358221894F1C00D97595 /* Info.plist */,
				1EC83594218BF57800D97595 /* GoogleService-Info.plist */,
			);
			path = MoodGrid;
			sourceTree = "<group>";
		};
		207CA9FAFC265F4A064C772F /* Pods */ = {
			isa = PBXGroup;
			children = (
				F17EC3E4DFBD35F8E6EC3155 /* Pods-MoodGrid.debug.xcconfig */,
				77A287F3E351EA6D63E74DE8 /* Pods-MoodGrid.release.xcconfig */,
			);
			name = Pods;
			sourceTree = "<group>";
		};
		F247EBAF72376E6C2CF77D48 /* Frameworks */ = {
			isa = PBXGroup;
			children = (
				51F0BE949B1899DD16DB3DB7 /* Pods_MoodGrid.framework */,
			);
			name = Frameworks;
			sourceTree = "<group>";
		};
/* End PBXGroup section */

/* Begin PBXNativeTarget section */
		1EC8357221894F1900D97595 /* MoodGrid */ = {
			isa = PBXNativeTarget;
			buildConfigurationList = 1EC8358521894F1C00D97595 /* Build configuration list for PBXNativeTarget "MoodGrid" */;
			buildPhases = (
				E4A28917E44E369E9CEFC2DE /* [CP] Check Pods Manifest.lock */,
				1EC8356F21894F1900D97595 /* Sources */,
				1EC8357021894F1900D97595 /* Frameworks */,
				1EC8357121894F1900D97595 /* Resources */,
				0629C4D9DFC35391C0F74034 /* [CP] Embed Pods Frameworks */,
			);
			buildRules = (
			);
			dependencies = (
			);
			name = MoodGrid;
			productName = MoodGrid;
			productReference = 1EC8357321894F1900D97595 /* MoodGrid.app */;
			productType = "com.apple.product-type.application";
		};
/* End PBXNativeTarget section */

/* Begin PBXProject section */
		1EC8356B21894F1900D97595 /* Project object */ = {
			isa = PBXProject;
			attributes = {
				LastSwiftUpdateCheck = 1000;
				LastUpgradeCheck = 1000;
				ORGANIZATIONNAME = "Lane Kersten";
				TargetAttributes = {
					1EC8357221894F1900D97595 = {
						CreatedOnToolsVersion = 10.0;
					};
				};
			};
			buildConfigurationList = 1EC8356E21894F1900D97595 /* Build configuration list for PBXProject "MoodGrid" */;
			compatibilityVersion = "Xcode 9.3";
			developmentRegion = en;
			hasScannedForEncodings = 0;
			knownRegions = (
				en,
				Base,
			);
			mainGroup = 1EC8356A21894F1900D97595;
			productRefGroup = 1EC8357421894F1900D97595 /* Products */;
			projectDirPath = "";
			projectRoot = "";
			targets = (
				1EC8357221894F1900D97595 /* MoodGrid */,
			);
		};
/* End PBXProject section */

/* Begin PBXResourcesBuildPhase section */
		1EC8357121894F1900D97595 /* Resources */ = {
			isa = PBXResourcesBuildPhase;
			buildActionMask = 2147483647;
			files = (
				1EC8358121894F1C00D97595 /* LaunchScreen.storyboard in Resources */,
				1EC83595218BF57900D97595 /* GoogleService-Info.plist in Resources */,
				1E8717E02190D09F00569DA6 /* PictureViewCell.xib in Resources */,
				1EC8357E21894F1C00D97595 /* Assets.xcassets in Resources */,
				1EC8357C21894F1900D97595 /* Main.storyboard in Resources */,
			);
			runOnlyForDeploymentPostprocessing = 0;
		};
/* End PBXResourcesBuildPhase section */

/* Begin PBXShellScriptBuildPhase section */
		0629C4D9DFC35391C0F74034 /* [CP] Embed Pods Frameworks */ = {
			isa = PBXShellScriptBuildPhase;
			buildActionMask = 2147483647;
			files = (
			);
			inputFileListPaths = (
			);
			inputPaths = (
				"${SRCROOT}/Pods/Target Support Files/Pods-MoodGrid/Pods-MoodGrid-frameworks.sh",
				"${BUILT_PRODUCTS_DIR}/Alamofire/Alamofire.framework",
				"${BUILT_PRODUCTS_DIR}/GTMSessionFetcher/GTMSessionFetcher.framework",
				"${BUILT_PRODUCTS_DIR}/GoogleUtilities/GoogleUtilities.framework",
				"${BUILT_PRODUCTS_DIR}/SwiftyJSON/SwiftyJSON.framework",
				"${BUILT_PRODUCTS_DIR}/nanopb/nanopb.framework",
			);
			name = "[CP] Embed Pods Frameworks";
			outputFileListPaths = (
			);
			outputPaths = (
				"${TARGET_BUILD_DIR}/${FRAMEWORKS_FOLDER_PATH}/Alamofire.framework",
				"${TARGET_BUILD_DIR}/${FRAMEWORKS_FOLDER_PATH}/GTMSessionFetcher.framework",
				"${TARGET_BUILD_DIR}/${FRAMEWORKS_FOLDER_PATH}/GoogleUtilities.framework",
				"${TARGET_BUILD_DIR}/${FRAMEWORKS_FOLDER_PATH}/SwiftyJSON.framework",
				"${TARGET_BUILD_DIR}/${FRAMEWORKS_FOLDER_PATH}/nanopb.framework",
			);
			runOnlyForDeploymentPostprocessing = 0;
			shellPath = /bin/sh;
			shellScript = "\"${SRCROOT}/Pods/Target Support Files/Pods-MoodGrid/Pods-MoodGrid-frameworks.sh\"\n";
			showEnvVarsInLog = 0;
		};
		E4A28917E44E369E9CEFC2DE /* [CP] Check Pods Manifest.lock */ = {
			isa = PBXShellScriptBuildPhase;
			buildActionMask = 2147483647;
			files = (
			);
			inputFileListPaths = (
			);
			inputPaths = (
				"${PODS_PODFILE_DIR_PATH}/Podfile.lock",
				"${PODS_ROOT}/Manifest.lock",
			);
			name = "[CP] Check Pods Manifest.lock";
			outputFileListPaths = (
			);
			outputPaths = (
				"$(DERIVED_FILE_DIR)/Pods-MoodGrid-checkManifestLockResult.txt",
			);
			runOnlyForDeploymentPostprocessing = 0;
			shellPath = /bin/sh;
			shellScript = "diff \"${PODS_PODFILE_DIR_PATH}/Podfile.lock\" \"${PODS_ROOT}/Manifest.lock\" > /dev/null\nif [ $? != 0 ] ; then\n    # print error to STDERR\n    echo \"error: The sandbox is not in sync with the Podfile.lock. Run 'pod install' or update your CocoaPods installation.\" >&2\n    exit 1\nfi\n# This output is used by Xcode 'outputs' to avoid re-running this script phase.\necho \"SUCCESS\" > \"${SCRIPT_OUTPUT_FILE_0}\"\n";
			showEnvVarsInLog = 0;
		};
/* End PBXShellScriptBuildPhase section */

/* Begin PBXSourcesBuildPhase section */
		1EC8356F21894F1900D97595 /* Sources */ = {
			isa = PBXSourcesBuildPhase;
			buildActionMask = 2147483647;
			files = (
				1EC8358F218B8C8C00D97595 /* SearchViewController.swift in Sources */,
				1EC83591218B8C9900D97595 /* BoardsViewController.swift in Sources */,
				1EC83589218B8B7C00D97595 /* LoginViewController.swift in Sources */,
				1EC8357921894F1900D97595 /* ViewController.swift in Sources */,
				1EC83593218B8CBD00D97595 /* SelectedBoardViewController.swift in Sources */,
				1EC8357721894F1900D97595 /* AppDelegate.swift in Sources */,
				1EC8358B218B8B9300D97595 /* NewAccountViewController.swift in Sources */,
				1E8717E221925EC700569DA6 /* PictureObject.swift in Sources */,
				1E8717DF2190D09F00569DA6 /* PictureViewCell.swift in Sources */,
			);
			runOnlyForDeploymentPostprocessing = 0;
		};
/* End PBXSourcesBuildPhase section */

/* Begin PBXVariantGroup section */
		1EC8357A21894F1900D97595 /* Main.storyboard */ = {
			isa = PBXVariantGroup;
			children = (
				1EC8357B21894F1900D97595 /* Base */,
			);
			name = Main.storyboard;
			sourceTree = "<group>";
		};
		1EC8357F21894F1C00D97595 /* LaunchScreen.storyboard */ = {
			isa = PBXVariantGroup;
			children = (
				1EC8358021894F1C00D97595 /* Base */,
			);
			name = LaunchScreen.storyboard;
			sourceTree = "<group>";
		};
/* End PBXVariantGroup section */

/* Begin XCBuildConfiguration section */
		1EC8358321894F1C00D97595 /* Debug */ = {
			isa = XCBuildConfiguration;
			buildSettings = {
				ALWAYS_SEARCH_USER_PATHS = NO;
				CLANG_ANALYZER_NONNULL = YES;
				CLANG_ANALYZER_NUMBER_OBJECT_CONVERSION = YES_AGGRESSIVE;
				CLANG_CXX_LANGUAGE_STANDARD = "gnu++14";
				CLANG_CXX_LIBRARY = "libc++";
				CLANG_ENABLE_MODULES = YES;
				CLANG_ENABLE_OBJC_ARC = YES;
				CLANG_ENABLE_OBJC_WEAK = YES;
				CLANG_WARN_BLOCK_CAPTURE_AUTORELEASING = YES;
				CLANG_WARN_BOOL_CONVERSION = YES;
				CLANG_WARN_COMMA = YES;
				CLANG_WARN_CONSTANT_CONVERSION = YES;
				CLANG_WARN_DEPRECATED_OBJC_IMPLEMENTATIONS = YES;
				CLANG_WARN_DIRECT_OBJC_ISA_USAGE = YES_ERROR;
				CLANG_WARN_DOCUMENTATION_COMMENTS = YES;
				CLANG_WARN_EMPTY_BODY = YES;
				CLANG_WARN_ENUM_CONVERSION = YES;
				CLANG_WARN_INFINITE_RECURSION = YES;
				CLANG_WARN_INT_CONVERSION = YES;
				CLANG_WARN_NON_LITERAL_NULL_CONVERSION = YES;
				CLANG_WARN_OBJC_IMPLICIT_RETAIN_SELF = YES;
				CLANG_WARN_OBJC_LITERAL_CONVERSION = YES;
				CLANG_WARN_OBJC_ROOT_CLASS = YES_ERROR;
				CLANG_WARN_RANGE_LOOP_ANALYSIS = YES;
				CLANG_WARN_STRICT_PROTOTYPES = YES;
				CLANG_WARN_SUSPICIOUS_MOVE = YES;
				CLANG_WARN_UNGUARDED_AVAILABILITY = YES_AGGRESSIVE;
				CLANG_WARN_UNREACHABLE_CODE = YES;
				CLANG_WARN__DUPLICATE_METHOD_MATCH = YES;
				CODE_SIGN_IDENTITY = "iPhone Developer";
				COPY_PHASE_STRIP = NO;
				DEBUG_INFORMATION_FORMAT = dwarf;
				ENABLE_STRICT_OBJC_MSGSEND = YES;
				ENABLE_TESTABILITY = YES;
				GCC_C_LANGUAGE_STANDARD = gnu11;
				GCC_DYNAMIC_NO_PIC = NO;
				GCC_NO_COMMON_BLOCKS = YES;
				GCC_OPTIMIZATION_LEVEL = 0;
				GCC_PREPROCESSOR_DEFINITIONS = (
					"DEBUG=1",
					"$(inherited)",
				);
				GCC_WARN_64_TO_32_BIT_CONVERSION = YES;
				GCC_WARN_ABOUT_RETURN_TYPE = YES_ERROR;
				GCC_WARN_UNDECLARED_SELECTOR = YES;
				GCC_WARN_UNINITIALIZED_AUTOS = YES_AGGRESSIVE;
				GCC_WARN_UNUSED_FUNCTION = YES;
				GCC_WARN_UNUSED_VARIABLE = YES;
				IPHONEOS_DEPLOYMENT_TARGET = 12.0;
				MTL_ENABLE_DEBUG_INFO = INCLUDE_SOURCE;
				MTL_FAST_MATH = YES;
				ONLY_ACTIVE_ARCH = YES;
				SDKROOT = iphoneos;
				SWIFT_ACTIVE_COMPILATION_CONDITIONS = DEBUG;
				SWIFT_OPTIMIZATION_LEVEL = "-Onone";
			};
			name = Debug;
		};
		1EC8358421894F1C00D97595 /* Release */ = {
			isa = XCBuildConfiguration;
			buildSettings = {
				ALWAYS_SEARCH_USER_PATHS = NO;
				CLANG_ANALYZER_NONNULL = YES;
				CLANG_ANALYZER_NUMBER_OBJECT_CONVERSION = YES_AGGRESSIVE;
				CLANG_CXX_LANGUAGE_STANDARD = "gnu++14";
				CLANG_CXX_LIBRARY = "libc++";
				CLANG_ENABLE_MODULES = YES;
				CLANG_ENABLE_OBJC_ARC = YES;
				CLANG_ENABLE_OBJC_WEAK = YES;
				CLANG_WARN_BLOCK_CAPTURE_AUTORELEASING = YES;
				CLANG_WARN_BOOL_CONVERSION = YES;
				CLANG_WARN_COMMA = YES;
				CLANG_WARN_CONSTANT_CONVERSION = YES;
				CLANG_WARN_DEPRECATED_OBJC_IMPLEMENTATIONS = YES;
				CLANG_WARN_DIRECT_OBJC_ISA_USAGE = YES_ERROR;
				CLANG_WARN_DOCUMENTATION_COMMENTS = YES;
				CLANG_WARN_EMPTY_BODY = YES;
				CLANG_WARN_ENUM_CONVERSION = YES;
				CLANG_WARN_INFINITE_RECURSION = YES;
				CLANG_WARN_INT_CONVERSION = YES;
				CLANG_WARN_NON_LITERAL_NULL_CONVERSION = YES;
				CLANG_WARN_OBJC_IMPLICIT_RETAIN_SELF = YES;
				CLANG_WARN_OBJC_LITERAL_CONVERSION = YES;
				CLANG_WARN_OBJC_ROOT_CLASS = YES_ERROR;
				CLANG_WARN_RANGE_LOOP_ANALYSIS = YES;
				CLANG_WARN_STRICT_PROTOTYPES = YES;
				CLANG_WARN_SUSPICIOUS_MOVE = YES;
				CLANG_WARN_UNGUARDED_AVAILABILITY = YES_AGGRESSIVE;
				CLANG_WARN_UNREACHABLE_CODE = YES;
				CLANG_WARN__DUPLICATE_METHOD_MATCH = YES;
				CODE_SIGN_IDENTITY = "iPhone Developer";
				COPY_PHASE_STRIP = NO;
				DEBUG_INFORMATION_FORMAT = "dwarf-with-dsym";
				ENABLE_NS_ASSERTIONS = NO;
				ENABLE_STRICT_OBJC_MSGSEND = YES;
				GCC_C_LANGUAGE_STANDARD = gnu11;
				GCC_NO_COMMON_BLOCKS = YES;
				GCC_WARN_64_TO_32_BIT_CONVERSION = YES;
				GCC_WARN_ABOUT_RETURN_TYPE = YES_ERROR;
				GCC_WARN_UNDECLARED_SELECTOR = YES;
				GCC_WARN_UNINITIALIZED_AUTOS = YES_AGGRESSIVE;
				GCC_WARN_UNUSED_FUNCTION = YES;
				GCC_WARN_UNUSED_VARIABLE = YES;
				IPHONEOS_DEPLOYMENT_TARGET = 12.0;
				MTL_ENABLE_DEBUG_INFO = NO;
				MTL_FAST_MATH = YES;
				SDKROOT = iphoneos;
				SWIFT_COMPILATION_MODE = wholemodule;
				SWIFT_OPTIMIZATION_LEVEL = "-O";
				VALIDATE_PRODUCT = YES;
			};
			name = Release;
		};
		1EC8358621894F1C00D97595 /* Debug */ = {
			isa = XCBuildConfiguration;
			baseConfigurationReference = F17EC3E4DFBD35F8E6EC3155 /* Pods-MoodGrid.debug.xcconfig */;
			buildSettings = {
				ASSETCATALOG_COMPILER_APPICON_NAME = AppIcon;
				CODE_SIGN_STYLE = Automatic;
				INFOPLIST_FILE = MoodGrid/Info.plist;
				LD_RUNPATH_SEARCH_PATHS = (
					"$(inherited)",
					"@executable_path/Frameworks",
				);
				PRODUCT_BUNDLE_IDENTIFIER = com.kerstenlane.MoodGrid;
				PRODUCT_NAME = "$(TARGET_NAME)";
				SWIFT_VERSION = 4.2;
				TARGETED_DEVICE_FAMILY = "1,2";
			};
			name = Debug;
		};
		1EC8358721894F1C00D97595 /* Release */ = {
			isa = XCBuildConfiguration;
			baseConfigurationReference = 77A287F3E351EA6D63E74DE8 /* Pods-MoodGrid.release.xcconfig */;
			buildSettings = {
				ASSETCATALOG_COMPILER_APPICON_NAME = AppIcon;
				CODE_SIGN_STYLE = Automatic;
				INFOPLIST_FILE = MoodGrid/Info.plist;
				LD_RUNPATH_SEARCH_PATHS = (
					"$(inherited)",
					"@executable_path/Frameworks",
				);
				PRODUCT_BUNDLE_IDENTIFIER = com.kerstenlane.MoodGrid;
				PRODUCT_NAME = "$(TARGET_NAME)";
				SWIFT_VERSION = 4.2;
				TARGETED_DEVICE_FAMILY = "1,2";
			};
			name = Release;
		};
/* End XCBuildConfiguration section */

/* Begin XCConfigurationList section */
		1EC8356E21894F1900D97595 /* Build configuration list for PBXProject "MoodGrid" */ = {
			isa = XCConfigurationList;
			buildConfigurations = (
				1EC8358321894F1C00D97595 /* Debug */,
				1EC8358421894F1C00D97595 /* Release */,
			);
			defaultConfigurationIsVisible = 0;
			defaultConfigurationName = Release;
		};
		1EC8358521894F1C00D97595 /* Build configuration list for PBXNativeTarget "MoodGrid" */ = {
			isa = XCConfigurationList;
			buildConfigurations = (
				1EC8358621894F1C00D97595 /* Debug */,
				1EC8358721894F1C00D97595 /* Release */,
			);
			defaultConfigurationIsVisible = 0;
			defaultConfigurationName = Release;
		};
/* End XCConfigurationList section */
	};
	rootObject = 1EC8356B21894F1900D97595 /* Project object */;
}
